
Microsoft Visual Studio Solution File, Format Version 12.00
# Visual Studio Version 16
VisualStudioVersion = 16.0.31205.134
MinimumVisualStudioVersion = 10.0.40219.1
Project("{FAE04EC0-301F-11D3-BF4B-00C04F79EFBC}") = "RamazanArslantürk_170201025_Sheet6", "RamazanArslantürk_170201025_Sheet6\RamazanArslantürk_170201025_Sheet6.csproj", "{3026BCA5-10DA-47C9-BFCB-0DDFD5C69247}"
EndProject
Global
	GlobalSection(SolutionConfigurationPlatforms) = preSolution
		Debug|Any CPU = Debug|Any CPU
		Release|Any CPU = Release|Any CPU
	EndGlobalSection
	GlobalSection(ProjectConfigurationPlatforms) = postSolution
		{3026BCA5-10DA-47C9-BFCB-0DDFD5C69247}.Debug|Any CPU.ActiveCfg = Debug|Any CPU
		{3026BCA5-10DA-47C9-BFCB-0DDFD5C69247}.Debug|Any CPU.Build.0 = Debug|Any CPU
		{3026BCA5-10DA-47C9-BFCB-0DDFD5C69247}.Release|Any CPU.ActiveCfg = Release|Any CPU
		{3026BCA5-10DA-47C9-BFCB-0DDFD5C69247}.Release|Any CPU.Build.0 = Release|Any CPU
	EndGlobalSection
	GlobalSection(SolutionProperties) = preSolution
		HideSolutionNode = FALSE
	EndGlobalSection
	GlobalSection(ExtensibilityGlobals) = postSolution
		SolutionGuid = {8F826DA5-8186-4211-BA2C-98D391B5959A}
	EndGlobalSection
EndGlobal
